// !$*UTF8*$!
{
	archiveVersion = 1;
	classes = {
	};
	objectVersion = 46;
	objects = {

/* Begin PBXBuildFile section */
		023899D6158C0D9C00CE38E7 /* Cocoa.framework in Frameworks */ = {isa = PBXBuildFile; fileRef = 023899D5158C0D9C00CE38E7 /* Cocoa.framework */; };
		023899E0158C0D9C00CE38E7 /* InfoPlist.strings in Resources */ = {isa = PBXBuildFile; fileRef = 023899DE158C0D9C00CE38E7 /* InfoPlist.strings */; };
		023899E6158C0D9C00CE38E7 /* Credits.rtf in Resources */ = {isa = PBXBuildFile; fileRef = 023899E4158C0D9C00CE38E7 /* Credits.rtf */; };
		023899EC158C0D9C00CE38E7 /* MainMenu.xib in Resources */ = {isa = PBXBuildFile; fileRef = 023899EA158C0D9C00CE38E7 /* MainMenu.xib */; };
		023899FB158C494800CE38E7 /* main.m in Sources */ = {isa = PBXBuildFile; fileRef = 023899F9158C494800CE38E7 /* main.m */; };
		02389A05158C49C400CE38E7 /* NetworkDevicesController.m in Sources */ = {isa = PBXBuildFile; fileRef = 023899FE158C49C400CE38E7 /* NetworkDevicesController.m */; };
		02389A06158C49C400CE38E7 /* PacketSniffer.m in Sources */ = {isa = PBXBuildFile; fileRef = 02389A00158C49C400CE38E7 /* PacketSniffer.m */; settings = {COMPILER_FLAGS = "-fno-objc-arc"; }; };
		02389A07158C49C400CE38E7 /* PcapAddress.m in Sources */ = {isa = PBXBuildFile; fileRef = 02389A02158C49C400CE38E7 /* PcapAddress.m */; };
		02389A08158C49C400CE38E7 /* PcapPacket.m in Sources */ = {isa = PBXBuildFile; fileRef = 02389A04158C49C400CE38E7 /* PcapPacket.m */; };
		02389A0B158C49D100CE38E7 /* AnthemAppDelegate.m in Sources */ = {isa = PBXBuildFile; fileRef = 02389A0A158C49D100CE38E7 /* AnthemAppDelegate.m */; };
		02389A16158C4DBD00CE38E7 /* libpcap.dylib in Frameworks */ = {isa = PBXBuildFile; fileRef = 02389A15158C4DBC00CE38E7 /* libpcap.dylib */; };
/* End PBXBuildFile section */

/* Begin PBXFileReference section */
		023899D1158C0D9C00CE38E7 /* Anthem.app */ = {isa = PBXFileReference; explicitFileType = wrapper.application; includeInIndex = 0; path = Anthem.app; sourceTree = BUILT_PRODUCTS_DIR; };
		023899D5158C0D9C00CE38E7 /* Cocoa.framework */ = {isa = PBXFileReference; lastKnownFileType = wrapper.framework; name = Cocoa.framework; path = System/Library/Frameworks/Cocoa.framework; sourceTree = SDKROOT; };
		023899D8158C0D9C00CE38E7 /* AppKit.framework */ = {isa = PBXFileReference; lastKnownFileType = wrapper.framework; name = AppKit.framework; path = System/Library/Frameworks/AppKit.framework; sourceTree = SDKROOT; };
		023899D9158C0D9C00CE38E7 /* CoreData.framework */ = {isa = PBXFileReference; lastKnownFileType = wrapper.framework; name = CoreData.framework; path = System/Library/Frameworks/CoreData.framework; sourceTree = SDKROOT; };
		023899DA158C0D9C00CE38E7 /* Foundation.framework */ = {isa = PBXFileReference; lastKnownFileType = wrapper.framework; name = Foundation.framework; path = System/Library/Frameworks/Foundation.framework; sourceTree = SDKROOT; };
		023899DF158C0D9C00CE38E7 /* en */ = {isa = PBXFileReference; lastKnownFileType = text.plist.strings; name = en; path = en.lproj/InfoPlist.strings; sourceTree = "<group>"; };
		023899E5158C0D9C00CE38E7 /* en */ = {isa = PBXFileReference; lastKnownFileType = text.rtf; name = en; path = en.lproj/Credits.rtf; sourceTree = "<group>"; };
		023899EB158C0D9C00CE38E7 /* en */ = {isa = PBXFileReference; lastKnownFileType = file.xib; name = en; path = en.lproj/MainMenu.xib; sourceTree = "<group>"; };
		023899F7158C494800CE38E7 /* Anthem-Info.plist */ = {isa = PBXFileReference; fileEncoding = 4; lastKnownFileType = text.plist.xml; name = "Anthem-Info.plist"; path = "App Resources/Anthem-Info.plist"; sourceTree = "<group>"; };
		023899F8158C494800CE38E7 /* Anthem-Prefix.pch */ = {isa = PBXFileReference; fileEncoding = 4; lastKnownFileType = sourcecode.c.h; name = "Anthem-Prefix.pch"; path = "App Resources/Anthem-Prefix.pch"; sourceTree = "<group>"; };
		023899F9158C494800CE38E7 /* main.m */ = {isa = PBXFileReference; fileEncoding = 4; lastKnownFileType = sourcecode.c.objc; name = main.m; path = "App Resources/main.m"; sourceTree = "<group>"; };
		023899FD158C49C400CE38E7 /* NetworkDevicesController.h */ = {isa = PBXFileReference; fileEncoding = 4; lastKnownFileType = sourcecode.c.h; name = NetworkDevicesController.h; path = Classes/NetworkDevicesController.h; sourceTree = "<group>"; };
		023899FE158C49C400CE38E7 /* NetworkDevicesController.m */ = {isa = PBXFileReference; fileEncoding = 4; lastKnownFileType = sourcecode.c.objc; name = NetworkDevicesController.m; path = Classes/NetworkDevicesController.m; sourceTree = "<group>"; };
		023899FF158C49C400CE38E7 /* PacketSniffer.h */ = {isa = PBXFileReference; fileEncoding = 4; lastKnownFileType = sourcecode.c.h; name = PacketSniffer.h; path = Classes/PacketSniffer.h; sourceTree = "<group>"; };
		02389A00158C49C400CE38E7 /* PacketSniffer.m */ = {isa = PBXFileReference; fileEncoding = 4; lastKnownFileType = sourcecode.c.objc; name = PacketSniffer.m; path = Classes/PacketSniffer.m; sourceTree = "<group>"; };
		02389A01158C49C400CE38E7 /* PcapAddress.h */ = {isa = PBXFileReference; fileEncoding = 4; lastKnownFileType = sourcecode.c.h; name = PcapAddress.h; path = Classes/PcapAddress.h; sourceTree = "<group>"; };
		02389A02158C49C400CE38E7 /* PcapAddress.m */ = {isa = PBXFileReference; fileEncoding = 4; lastKnownFileType = sourcecode.c.objc; name = PcapAddress.m; path = Classes/PcapAddress.m; sourceTree = "<group>"; };
		02389A03158C49C400CE38E7 /* PcapPacket.h */ = {isa = PBXFileReference; fileEncoding = 4; lastKnownFileType = sourcecode.c.h; name = PcapPacket.h; path = Classes/PcapPacket.h; sourceTree = "<group>"; };
		02389A04158C49C400CE38E7 /* PcapPacket.m */ = {isa = PBXFileReference; fileEncoding = 4; lastKnownFileType = sourcecode.c.objc; name = PcapPacket.m; path = Classes/PcapPacket.m; sourceTree = "<group>"; };
		02389A09158C49D100CE38E7 /* AnthemAppDelegate.h */ = {isa = PBXFileReference; fileEncoding = 4; lastKnownFileType = sourcecode.c.h; name = AnthemAppDelegate.h; path = Classes/AnthemAppDelegate.h; sourceTree = "<group>"; };
		02389A0A158C49D100CE38E7 /* AnthemAppDelegate.m */ = {isa = PBXFileReference; fileEncoding = 4; lastKnownFileType = sourcecode.c.objc; name = AnthemAppDelegate.m; path = Classes/AnthemAppDelegate.m; sourceTree = "<group>"; };
		02389A15158C4DBC00CE38E7 /* libpcap.dylib */ = {isa = PBXFileReference; lastKnownFileType = "compiled.mach-o.dylib"; name = libpcap.dylib; path = usr/lib/libpcap.dylib; sourceTree = SDKROOT; };
/* End PBXFileReference section */

/* Begin PBXFrameworksBuildPhase section */
		023899CE158C0D9C00CE38E7 /* Frameworks */ = {
			isa = PBXFrameworksBuildPhase;
			buildActionMask = 2147483647;
			files = (
				02389A16158C4DBD00CE38E7 /* libpcap.dylib in Frameworks */,
				023899D6158C0D9C00CE38E7 /* Cocoa.framework in Frameworks */,
			);
			runOnlyForDeploymentPostprocessing = 0;
		};
/* End PBXFrameworksBuildPhase section */

/* Begin PBXGroup section */
		022E9EAD158D53C6004B2B45 /* NIBs */ = {
			isa = PBXGroup;
			children = (
				023899EA158C0D9C00CE38E7 /* MainMenu.xib */,
			);
			name = NIBs;
			sourceTree = "<group>";
		};
		023899C6158C0D9B00CE38E7 = {
			isa = PBXGroup;
			children = (
				023899DB158C0D9C00CE38E7 /* Anthem */,
				023899D4158C0D9C00CE38E7 /* Frameworks */,
				023899D2158C0D9C00CE38E7 /* Products */,
			);
			sourceTree = "<group>";
		};
		023899D2158C0D9C00CE38E7 /* Products */ = {
			isa = PBXGroup;
			children = (
				023899D1158C0D9C00CE38E7 /* Anthem.app */,
			);
			name = Products;
			sourceTree = "<group>";
		};
		023899D4158C0D9C00CE38E7 /* Frameworks */ = {
			isa = PBXGroup;
			children = (
				02389A15158C4DBC00CE38E7 /* libpcap.dylib */,
				023899D5158C0D9C00CE38E7 /* Cocoa.framework */,
				023899D7158C0D9C00CE38E7 /* Other Frameworks */,
			);
			name = Frameworks;
			sourceTree = "<group>";
		};
		023899D7158C0D9C00CE38E7 /* Other Frameworks */ = {
			isa = PBXGroup;
			children = (
				023899D8158C0D9C00CE38E7 /* AppKit.framework */,
				023899D9158C0D9C00CE38E7 /* CoreData.framework */,
				023899DA158C0D9C00CE38E7 /* Foundation.framework */,
			);
			name = "Other Frameworks";
			sourceTree = "<group>";
		};
		023899DB158C0D9C00CE38E7 /* Anthem */ = {
			isa = PBXGroup;
			children = (
				02389A09158C49D100CE38E7 /* AnthemAppDelegate.h */,
				02389A0A158C49D100CE38E7 /* AnthemAppDelegate.m */,
				022E9EAD158D53C6004B2B45 /* NIBs */,
				023899FC158C499700CE38E7 /* Network */,
				026B662015A0A96100991161 /* Preferences */,
				023899DC158C0D9C00CE38E7 /* Supporting Files */,
			);
			path = Anthem;
			sourceTree = "<group>";
		};
		023899DC158C0D9C00CE38E7 /* Supporting Files */ = {
			isa = PBXGroup;
			children = (
				023899F7158C494800CE38E7 /* Anthem-Info.plist */,
				023899F8158C494800CE38E7 /* Anthem-Prefix.pch */,
				023899F9158C494800CE38E7 /* main.m */,
				023899DE158C0D9C00CE38E7 /* InfoPlist.strings */,
				023899E4158C0D9C00CE38E7 /* Credits.rtf */,
			);
			name = "Supporting Files";
			sourceTree = "<group>";
		};
		023899FC158C499700CE38E7 /* Network */ = {
			isa = PBXGroup;
			children = (
				023899FD158C49C400CE38E7 /* NetworkDevicesController.h */,
				023899FE158C49C400CE38E7 /* NetworkDevicesController.m */,
				023899FF158C49C400CE38E7 /* PacketSniffer.h */,
				02389A00158C49C400CE38E7 /* PacketSniffer.m */,
				02389A01158C49C400CE38E7 /* PcapAddress.h */,
				02389A02158C49C400CE38E7 /* PcapAddress.m */,
				02389A03158C49C400CE38E7 /* PcapPacket.h */,
				02389A04158C49C400CE38E7 /* PcapPacket.m */,
			);
			name = Network;
			sourceTree = "<group>";
		};
		026B662015A0A96100991161 /* Preferences */ = {
			isa = PBXGroup;
			children = (
			);
			name = Preferences;
			sourceTree = "<group>";
		};
/* End PBXGroup section */

/* Begin PBXNativeTarget section */
		023899D0158C0D9C00CE38E7 /* Anthem */ = {
			isa = PBXNativeTarget;
			buildConfigurationList = 023899EF158C0D9C00CE38E7 /* Build configuration list for PBXNativeTarget "Anthem" */;
			buildPhases = (
				023899CD158C0D9C00CE38E7 /* Sources */,
				023899CE158C0D9C00CE38E7 /* Frameworks */,
				023899CF158C0D9C00CE38E7 /* Resources */,
			);
			buildRules = (
			);
			dependencies = (
			);
			name = Anthem;
			productName = Anthem;
			productReference = 023899D1158C0D9C00CE38E7 /* Anthem.app */;
			productType = "com.apple.product-type.application";
		};
/* End PBXNativeTarget section */

/* Begin PBXProject section */
		023899C8158C0D9B00CE38E7 /* Project object */ = {
			isa = PBXProject;
			attributes = {
				LastUpgradeCheck = 0430;
				ORGANIZATIONNAME = "Imulus, LLC";
			};
			buildConfigurationList = 023899CB158C0D9B00CE38E7 /* Build configuration list for PBXProject "Anthem" */;
			compatibilityVersion = "Xcode 3.2";
			developmentRegion = English;
			hasScannedForEncodings = 0;
			knownRegions = (
				en,
			);
			mainGroup = 023899C6158C0D9B00CE38E7;
			productRefGroup = 023899D2158C0D9C00CE38E7 /* Products */;
			projectDirPath = "";
			projectRoot = "";
			targets = (
				023899D0158C0D9C00CE38E7 /* Anthem */,
			);
		};
/* End PBXProject section */

/* Begin PBXResourcesBuildPhase section */
		023899CF158C0D9C00CE38E7 /* Resources */ = {
			isa = PBXResourcesBuildPhase;
			buildActionMask = 2147483647;
			files = (
				023899E0158C0D9C00CE38E7 /* InfoPlist.strings in Resources */,
				023899E6158C0D9C00CE38E7 /* Credits.rtf in Resources */,
				023899EC158C0D9C00CE38E7 /* MainMenu.xib in Resources */,
			);
			runOnlyForDeploymentPostprocessing = 0;
		};
/* End PBXResourcesBuildPhase section */

/* Begin PBXSourcesBuildPhase section */
		023899CD158C0D9C00CE38E7 /* Sources */ = {
			isa = PBXSourcesBuildPhase;
			buildActionMask = 2147483647;
			files = (
				023899FB158C494800CE38E7 /* main.m in Sources */,
				02389A05158C49C400CE38E7 /* NetworkDevicesController.m in Sources */,
				02389A06158C49C400CE38E7 /* PacketSniffer.m in Sources */,
				02389A07158C49C400CE38E7 /* PcapAddress.m in Sources */,
				02389A08158C49C400CE38E7 /* PcapPacket.m in Sources */,
				02389A0B158C49D100CE38E7 /* AnthemAppDelegate.m in Sources */,
			);
			runOnlyForDeploymentPostprocessing = 0;
		};
/* End PBXSourcesBuildPhase section */

/* Begin PBXVariantGroup section */
		023899DE158C0D9C00CE38E7 /* InfoPlist.strings */ = {
			isa = PBXVariantGroup;
			children = (
				023899DF158C0D9C00CE38E7 /* en */,
			);
			name = InfoPlist.strings;
			sourceTree = "<group>";
		};
		023899E4158C0D9C00CE38E7 /* Credits.rtf */ = {
			isa = PBXVariantGroup;
			children = (
				023899E5158C0D9C00CE38E7 /* en */,
			);
			name = Credits.rtf;
			sourceTree = "<group>";
		};
		023899EA158C0D9C00CE38E7 /* MainMenu.xib */ = {
			isa = PBXVariantGroup;
			children = (
				023899EB158C0D9C00CE38E7 /* en */,
			);
			name = MainMenu.xib;
			sourceTree = "<group>";
		};
/* End PBXVariantGroup section */

/* Begin XCBuildConfiguration section */
		023899ED158C0D9C00CE38E7 /* Debug */ = {
			isa = XCBuildConfiguration;
			buildSettings = {
				ALWAYS_SEARCH_USER_PATHS = NO;
				ARCHS = "$(ARCHS_STANDARD_64_BIT)";
				CLANG_ENABLE_OBJC_ARC = YES;
				COPY_PHASE_STRIP = NO;
				GCC_C_LANGUAGE_STANDARD = gnu99;
				GCC_DYNAMIC_NO_PIC = NO;
				GCC_ENABLE_OBJC_EXCEPTIONS = YES;
				GCC_OPTIMIZATION_LEVEL = 0;
				GCC_PREPROCESSOR_DEFINITIONS = (
					"DEBUG=1",
					"$(inherited)",
				);
				GCC_SYMBOLS_PRIVATE_EXTERN = NO;
				GCC_VERSION = com.apple.compilers.llvm.clang.1_0;
				GCC_WARN_64_TO_32_BIT_CONVERSION = YES;
				GCC_WARN_ABOUT_RETURN_TYPE = YES;
				GCC_WARN_UNINITIALIZED_AUTOS = YES;
				GCC_WARN_UNUSED_VARIABLE = YES;
				MACOSX_DEPLOYMENT_TARGET = 10.7;
				ONLY_ACTIVE_ARCH = YES;
				SDKROOT = macosx;
			};
			name = Debug;
		};
		023899EE158C0D9C00CE38E7 /* Release */ = {
			isa = XCBuildConfiguration;
			buildSettings = {
				ALWAYS_SEARCH_USER_PATHS = NO;
				ARCHS = "$(ARCHS_STANDARD_64_BIT)";
				CLANG_ENABLE_OBJC_ARC = YES;
				COPY_PHASE_STRIP = YES;
				DEBUG_INFORMATION_FORMAT = "dwarf-with-dsym";
				GCC_C_LANGUAGE_STANDARD = gnu99;
				GCC_ENABLE_OBJC_EXCEPTIONS = YES;
				GCC_VERSION = com.apple.compilers.llvm.clang.1_0;
				GCC_WARN_64_TO_32_BIT_CONVERSION = YES;
				GCC_WARN_ABOUT_RETURN_TYPE = YES;
				GCC_WARN_UNINITIALIZED_AUTOS = YES;
				GCC_WARN_UNUSED_VARIABLE = YES;
				MACOSX_DEPLOYMENT_TARGET = 10.7;
				SDKROOT = macosx;
			};
			name = Release;
		};
		023899F0158C0D9C00CE38E7 /* Debug */ = {
			isa = XCBuildConfiguration;
			buildSettings = {
				GCC_PRECOMPILE_PREFIX_HEADER = YES;
				GCC_PREFIX_HEADER = "Anthem/App Resources/Anthem-Prefix.pch";
				INFOPLIST_FILE = "Anthem/App Resources/Anthem-Info.plist";
				PRODUCT_NAME = "$(TARGET_NAME)";
				WRAPPER_EXTENSION = app;
			};
			name = Debug;
		};
		023899F1158C0D9C00CE38E7 /* Release */ = {
			isa = XCBuildConfiguration;
			buildSettings = {
				GCC_PRECOMPILE_PREFIX_HEADER = YES;
				GCC_PREFIX_HEADER = "Anthem/App Resources/Anthem-Prefix.pch";
				INFOPLIST_FILE = "Anthem/App Resources/Anthem-Info.plist";
				PRODUCT_NAME = "$(TARGET_NAME)";
				WRAPPER_EXTENSION = app;
			};
			name = Release;
		};
/* End XCBuildConfiguration section */

/* Begin XCConfigurationList section */
		023899CB158C0D9B00CE38E7 /* Build configuration list for PBXProject "Anthem" */ = {
			isa = XCConfigurationList;
			buildConfigurations = (
				023899ED158C0D9C00CE38E7 /* Debug */,
				023899EE158C0D9C00CE38E7 /* Release */,
			);
			defaultConfigurationIsVisible = 0;
			defaultConfigurationName = Release;
		};
		023899EF158C0D9C00CE38E7 /* Build configuration list for PBXNativeTarget "Anthem" */ = {
			isa = XCConfigurationList;
			buildConfigurations = (
				023899F0158C0D9C00CE38E7 /* Debug */,
				023899F1158C0D9C00CE38E7 /* Release */,
			);
			defaultConfigurationIsVisible = 0;
			defaultConfigurationName = Release;
		};
/* End XCConfigurationList section */
	};
	rootObject = 023899C8158C0D9B00CE38E7 /* Project object */;
}
