// !$*UTF8*$!
{
	archiveVersion = 1;
	classes = {
	};
	objectVersion = 46;
	objects = {

/* Begin PBXBuildFile section */
		02BA7BB813BD799B00043EF2 /* Cocoa.framework in Frameworks */ = {isa = PBXBuildFile; fileRef = 02BA7BB713BD799B00043EF2 /* Cocoa.framework */; };
		02BA7BC213BD799B00043EF2 /* InfoPlist.strings in Resources */ = {isa = PBXBuildFile; fileRef = 02BA7BC013BD799B00043EF2 /* InfoPlist.strings */; };
		02BA7BC513BD799B00043EF2 /* main.m in Sources */ = {isa = PBXBuildFile; fileRef = 02BA7BC413BD799B00043EF2 /* main.m */; };
		02BA7BC813BD799B00043EF2 /* Credits.rtf in Resources */ = {isa = PBXBuildFile; fileRef = 02BA7BC613BD799B00043EF2 /* Credits.rtf */; };
		02BA7BCB13BD799B00043EF2 /* AnthemAppDelegate.m in Sources */ = {isa = PBXBuildFile; fileRef = 02BA7BCA13BD799B00043EF2 /* AnthemAppDelegate.m */; };
		02BA7BCE13BD799C00043EF2 /* MainMenu.xib in Resources */ = {isa = PBXBuildFile; fileRef = 02BA7BCC13BD799C00043EF2 /* MainMenu.xib */; };
		02BA7BD513BD79BC00043EF2 /* libpcap.dylib in Frameworks */ = {isa = PBXBuildFile; fileRef = 02BA7BD413BD79BC00043EF2 /* libpcap.dylib */; };
		02BA7BD813BD79FB00043EF2 /* PcapPacket.m in Sources */ = {isa = PBXBuildFile; fileRef = 02BA7BD713BD79FB00043EF2 /* PcapPacket.m */; };
		02BA7BDB13BD7AE400043EF2 /* PacketSniffer.m in Sources */ = {isa = PBXBuildFile; fileRef = 02BA7BDA13BD7AE400043EF2 /* PacketSniffer.m */; };
		02BA7BDE13BDA46F00043EF2 /* PcapAddress.m in Sources */ = {isa = PBXBuildFile; fileRef = 02BA7BDD13BDA46F00043EF2 /* PcapAddress.m */; };
		02BA7BE113BDA9A300043EF2 /* NetworkDevicesController.m in Sources */ = {isa = PBXBuildFile; fileRef = 02BA7BE013BDA9A300043EF2 /* NetworkDevicesController.m */; };
/* End PBXBuildFile section */

/* Begin PBXFileReference section */
		02BA7BB313BD799B00043EF2 /* Anthem.app */ = {isa = PBXFileReference; explicitFileType = wrapper.application; includeInIndex = 0; path = Anthem.app; sourceTree = BUILT_PRODUCTS_DIR; };
		02BA7BB713BD799B00043EF2 /* Cocoa.framework */ = {isa = PBXFileReference; lastKnownFileType = wrapper.framework; name = Cocoa.framework; path = System/Library/Frameworks/Cocoa.framework; sourceTree = SDKROOT; };
		02BA7BBA13BD799B00043EF2 /* AppKit.framework */ = {isa = PBXFileReference; lastKnownFileType = wrapper.framework; name = AppKit.framework; path = System/Library/Frameworks/AppKit.framework; sourceTree = SDKROOT; };
		02BA7BBB13BD799B00043EF2 /* CoreData.framework */ = {isa = PBXFileReference; lastKnownFileType = wrapper.framework; name = CoreData.framework; path = System/Library/Frameworks/CoreData.framework; sourceTree = SDKROOT; };
		02BA7BBC13BD799B00043EF2 /* Foundation.framework */ = {isa = PBXFileReference; lastKnownFileType = wrapper.framework; name = Foundation.framework; path = System/Library/Frameworks/Foundation.framework; sourceTree = SDKROOT; };
		02BA7BBF13BD799B00043EF2 /* Anthem-Info.plist */ = {isa = PBXFileReference; lastKnownFileType = text.plist.xml; path = "Anthem-Info.plist"; sourceTree = "<group>"; };
		02BA7BC113BD799B00043EF2 /* en */ = {isa = PBXFileReference; lastKnownFileType = text.plist.strings; name = en; path = en.lproj/InfoPlist.strings; sourceTree = "<group>"; };
		02BA7BC313BD799B00043EF2 /* Anthem-Prefix.pch */ = {isa = PBXFileReference; lastKnownFileType = sourcecode.c.h; path = "Anthem-Prefix.pch"; sourceTree = "<group>"; };
		02BA7BC413BD799B00043EF2 /* main.m */ = {isa = PBXFileReference; lastKnownFileType = sourcecode.c.objc; path = main.m; sourceTree = "<group>"; };
		02BA7BC713BD799B00043EF2 /* en */ = {isa = PBXFileReference; lastKnownFileType = text.rtf; name = en; path = en.lproj/Credits.rtf; sourceTree = "<group>"; };
		02BA7BC913BD799B00043EF2 /* AnthemAppDelegate.h */ = {isa = PBXFileReference; lastKnownFileType = sourcecode.c.h; path = AnthemAppDelegate.h; sourceTree = "<group>"; };
		02BA7BCA13BD799B00043EF2 /* AnthemAppDelegate.m */ = {isa = PBXFileReference; lastKnownFileType = sourcecode.c.objc; path = AnthemAppDelegate.m; sourceTree = "<group>"; };
		02BA7BCD13BD799C00043EF2 /* en */ = {isa = PBXFileReference; lastKnownFileType = file.xib; name = en; path = en.lproj/MainMenu.xib; sourceTree = "<group>"; };
		02BA7BD413BD79BC00043EF2 /* libpcap.dylib */ = {isa = PBXFileReference; lastKnownFileType = "compiled.mach-o.dylib"; name = libpcap.dylib; path = usr/lib/libpcap.dylib; sourceTree = SDKROOT; };
		02BA7BD613BD79FB00043EF2 /* PcapPacket.h */ = {isa = PBXFileReference; fileEncoding = 4; lastKnownFileType = sourcecode.c.h; path = PcapPacket.h; sourceTree = "<group>"; };
		02BA7BD713BD79FB00043EF2 /* PcapPacket.m */ = {isa = PBXFileReference; fileEncoding = 4; lastKnownFileType = sourcecode.c.objc; path = PcapPacket.m; sourceTree = "<group>"; };
		02BA7BD913BD7AE400043EF2 /* PacketSniffer.h */ = {isa = PBXFileReference; fileEncoding = 4; lastKnownFileType = sourcecode.c.h; path = PacketSniffer.h; sourceTree = "<group>"; };
		02BA7BDA13BD7AE400043EF2 /* PacketSniffer.m */ = {isa = PBXFileReference; fileEncoding = 4; lastKnownFileType = sourcecode.c.objc; path = PacketSniffer.m; sourceTree = "<group>"; };
		02BA7BDC13BDA46F00043EF2 /* PcapAddress.h */ = {isa = PBXFileReference; fileEncoding = 4; lastKnownFileType = sourcecode.c.h; path = PcapAddress.h; sourceTree = "<group>"; };
		02BA7BDD13BDA46F00043EF2 /* PcapAddress.m */ = {isa = PBXFileReference; fileEncoding = 4; lastKnownFileType = sourcecode.c.objc; path = PcapAddress.m; sourceTree = "<group>"; };
		02BA7BDF13BDA9A300043EF2 /* NetworkDevicesController.h */ = {isa = PBXFileReference; fileEncoding = 4; lastKnownFileType = sourcecode.c.h; path = NetworkDevicesController.h; sourceTree = "<group>"; };
		02BA7BE013BDA9A300043EF2 /* NetworkDevicesController.m */ = {isa = PBXFileReference; fileEncoding = 4; lastKnownFileType = sourcecode.c.objc; path = NetworkDevicesController.m; sourceTree = "<group>"; };
/* End PBXFileReference section */

/* Begin PBXFrameworksBuildPhase section */
		02BA7BB013BD799B00043EF2 /* Frameworks */ = {
			isa = PBXFrameworksBuildPhase;
			buildActionMask = 2147483647;
			files = (
				02BA7BD513BD79BC00043EF2 /* libpcap.dylib in Frameworks */,
				02BA7BB813BD799B00043EF2 /* Cocoa.framework in Frameworks */,
			);
			runOnlyForDeploymentPostprocessing = 0;
		};
/* End PBXFrameworksBuildPhase section */

/* Begin PBXGroup section */
		02BA7BA813BD799B00043EF2 = {
			isa = PBXGroup;
			children = (
				02BA7BBD13BD799B00043EF2 /* Anthem */,
				02BA7BB613BD799B00043EF2 /* Frameworks */,
				02BA7BB413BD799B00043EF2 /* Products */,
			);
			sourceTree = "<group>";
		};
		02BA7BB413BD799B00043EF2 /* Products */ = {
			isa = PBXGroup;
			children = (
				02BA7BB313BD799B00043EF2 /* Anthem.app */,
			);
			name = Products;
			sourceTree = "<group>";
		};
		02BA7BB613BD799B00043EF2 /* Frameworks */ = {
			isa = PBXGroup;
			children = (
				02BA7BD413BD79BC00043EF2 /* libpcap.dylib */,
				02BA7BB713BD799B00043EF2 /* Cocoa.framework */,
				02BA7BB913BD799B00043EF2 /* Other Frameworks */,
			);
			name = Frameworks;
			sourceTree = "<group>";
		};
		02BA7BB913BD799B00043EF2 /* Other Frameworks */ = {
			isa = PBXGroup;
			children = (
				02BA7BBA13BD799B00043EF2 /* AppKit.framework */,
				02BA7BBB13BD799B00043EF2 /* CoreData.framework */,
				02BA7BBC13BD799B00043EF2 /* Foundation.framework */,
			);
			name = "Other Frameworks";
			sourceTree = "<group>";
		};
		02BA7BBD13BD799B00043EF2 /* Anthem */ = {
			isa = PBXGroup;
			children = (
				02BA7BC913BD799B00043EF2 /* AnthemAppDelegate.h */,
				02BA7BCA13BD799B00043EF2 /* AnthemAppDelegate.m */,
				02BA7BCC13BD799C00043EF2 /* MainMenu.xib */,
				02BA7BBE13BD799B00043EF2 /* Supporting Files */,
				02BA7BD613BD79FB00043EF2 /* PcapPacket.h */,
				02BA7BD713BD79FB00043EF2 /* PcapPacket.m */,
				02BA7BD913BD7AE400043EF2 /* PacketSniffer.h */,
				02BA7BDA13BD7AE400043EF2 /* PacketSniffer.m */,
				02BA7BDC13BDA46F00043EF2 /* PcapAddress.h */,
				02BA7BDD13BDA46F00043EF2 /* PcapAddress.m */,
				02BA7BDF13BDA9A300043EF2 /* NetworkDevicesController.h */,
				02BA7BE013BDA9A300043EF2 /* NetworkDevicesController.m */,
			);
			path = Anthem;
			sourceTree = "<group>";
		};
		02BA7BBE13BD799B00043EF2 /* Supporting Files */ = {
			isa = PBXGroup;
			children = (
				02BA7BBF13BD799B00043EF2 /* Anthem-Info.plist */,
				02BA7BC013BD799B00043EF2 /* InfoPlist.strings */,
				02BA7BC313BD799B00043EF2 /* Anthem-Prefix.pch */,
				02BA7BC413BD799B00043EF2 /* main.m */,
				02BA7BC613BD799B00043EF2 /* Credits.rtf */,
			);
			name = "Supporting Files";
			sourceTree = "<group>";
		};
/* End PBXGroup section */

/* Begin PBXNativeTarget section */
		02BA7BB213BD799B00043EF2 /* Anthem */ = {
			isa = PBXNativeTarget;
			buildConfigurationList = 02BA7BD113BD799C00043EF2 /* Build configuration list for PBXNativeTarget "Anthem" */;
			buildPhases = (
				02BA7BAF13BD799B00043EF2 /* Sources */,
				02BA7BB013BD799B00043EF2 /* Frameworks */,
				02BA7BB113BD799B00043EF2 /* Resources */,
			);
			buildRules = (
			);
			dependencies = (
			);
			name = Anthem;
			productName = Anthem;
			productReference = 02BA7BB313BD799B00043EF2 /* Anthem.app */;
			productType = "com.apple.product-type.application";
		};
/* End PBXNativeTarget section */

/* Begin PBXProject section */
		02BA7BAA13BD799B00043EF2 /* Project object */ = {
			isa = PBXProject;
			attributes = {
				ORGANIZATIONNAME = "Imulus, LLC";
			};
			buildConfigurationList = 02BA7BAD13BD799B00043EF2 /* Build configuration list for PBXProject "Anthem" */;
			compatibilityVersion = "Xcode 3.2";
			developmentRegion = English;
			hasScannedForEncodings = 0;
			knownRegions = (
				en,
			);
			mainGroup = 02BA7BA813BD799B00043EF2;
			productRefGroup = 02BA7BB413BD799B00043EF2 /* Products */;
			projectDirPath = "";
			projectRoot = "";
			targets = (
				02BA7BB213BD799B00043EF2 /* Anthem */,
			);
		};
/* End PBXProject section */

/* Begin PBXResourcesBuildPhase section */
		02BA7BB113BD799B00043EF2 /* Resources */ = {
			isa = PBXResourcesBuildPhase;
			buildActionMask = 2147483647;
			files = (
				02BA7BC213BD799B00043EF2 /* InfoPlist.strings in Resources */,
				02BA7BC813BD799B00043EF2 /* Credits.rtf in Resources */,
				02BA7BCE13BD799C00043EF2 /* MainMenu.xib in Resources */,
			);
			runOnlyForDeploymentPostprocessing = 0;
		};
/* End PBXResourcesBuildPhase section */

/* Begin PBXSourcesBuildPhase section */
		02BA7BAF13BD799B00043EF2 /* Sources */ = {
			isa = PBXSourcesBuildPhase;
			buildActionMask = 2147483647;
			files = (
				02BA7BC513BD799B00043EF2 /* main.m in Sources */,
				02BA7BCB13BD799B00043EF2 /* AnthemAppDelegate.m in Sources */,
				02BA7BD813BD79FB00043EF2 /* PcapPacket.m in Sources */,
				02BA7BDB13BD7AE400043EF2 /* PacketSniffer.m in Sources */,
				02BA7BDE13BDA46F00043EF2 /* PcapAddress.m in Sources */,
				02BA7BE113BDA9A300043EF2 /* NetworkDevicesController.m in Sources */,
			);
			runOnlyForDeploymentPostprocessing = 0;
		};
/* End PBXSourcesBuildPhase section */

/* Begin PBXVariantGroup section */
		02BA7BC013BD799B00043EF2 /* InfoPlist.strings */ = {
			isa = PBXVariantGroup;
			children = (
				02BA7BC113BD799B00043EF2 /* en */,
			);
			name = InfoPlist.strings;
			sourceTree = "<group>";
		};
		02BA7BC613BD799B00043EF2 /* Credits.rtf */ = {
			isa = PBXVariantGroup;
			children = (
				02BA7BC713BD799B00043EF2 /* en */,
			);
			name = Credits.rtf;
			sourceTree = "<group>";
		};
		02BA7BCC13BD799C00043EF2 /* MainMenu.xib */ = {
			isa = PBXVariantGroup;
			children = (
				02BA7BCD13BD799C00043EF2 /* en */,
			);
			name = MainMenu.xib;
			sourceTree = "<group>";
		};
/* End PBXVariantGroup section */

/* Begin XCBuildConfiguration section */
		02BA7BCF13BD799C00043EF2 /* Debug */ = {
			isa = XCBuildConfiguration;
			buildSettings = {
				ARCHS = "$(ARCHS_STANDARD_32_64_BIT)";
				GCC_C_LANGUAGE_STANDARD = gnu99;
				GCC_OPTIMIZATION_LEVEL = 0;
				GCC_PREPROCESSOR_DEFINITIONS = DEBUG;
				GCC_SYMBOLS_PRIVATE_EXTERN = NO;
				GCC_VERSION = com.apple.compilers.llvm.clang.1_0;
				GCC_WARN_64_TO_32_BIT_CONVERSION = YES;
				GCC_WARN_ABOUT_RETURN_TYPE = YES;
				GCC_WARN_UNUSED_VARIABLE = YES;
				MACOSX_DEPLOYMENT_TARGET = 10.6;
				ONLY_ACTIVE_ARCH = YES;
				SDKROOT = macosx;
			};
			name = Debug;
		};
		02BA7BD013BD799C00043EF2 /* Release */ = {
			isa = XCBuildConfiguration;
			buildSettings = {
				ARCHS = "$(ARCHS_STANDARD_32_64_BIT)";
				GCC_C_LANGUAGE_STANDARD = gnu99;
				GCC_VERSION = com.apple.compilers.llvm.clang.1_0;
				GCC_WARN_64_TO_32_BIT_CONVERSION = YES;
				GCC_WARN_ABOUT_RETURN_TYPE = YES;
				GCC_WARN_UNUSED_VARIABLE = YES;
				MACOSX_DEPLOYMENT_TARGET = 10.6;
				SDKROOT = macosx;
			};
			name = Release;
		};
		02BA7BD213BD799C00043EF2 /* Debug */ = {
			isa = XCBuildConfiguration;
			buildSettings = {
				ALWAYS_SEARCH_USER_PATHS = NO;
				COPY_PHASE_STRIP = NO;
				GCC_DYNAMIC_NO_PIC = NO;
				GCC_ENABLE_OBJC_EXCEPTIONS = YES;
				GCC_PRECOMPILE_PREFIX_HEADER = YES;
				GCC_PREFIX_HEADER = "Anthem/Anthem-Prefix.pch";
				INFOPLIST_FILE = "Anthem/Anthem-Info.plist";
				PRODUCT_NAME = "$(TARGET_NAME)";
				WRAPPER_EXTENSION = app;
			};
			name = Debug;
		};
		02BA7BD313BD799C00043EF2 /* Release */ = {
			isa = XCBuildConfiguration;
			buildSettings = {
				ALWAYS_SEARCH_USER_PATHS = NO;
				COPY_PHASE_STRIP = YES;
				DEBUG_INFORMATION_FORMAT = "dwarf-with-dsym";
				GCC_ENABLE_OBJC_EXCEPTIONS = YES;
				GCC_PRECOMPILE_PREFIX_HEADER = YES;
				GCC_PREFIX_HEADER = "Anthem/Anthem-Prefix.pch";
				INFOPLIST_FILE = "Anthem/Anthem-Info.plist";
				PRODUCT_NAME = "$(TARGET_NAME)";
				WRAPPER_EXTENSION = app;
			};
			name = Release;
		};
/* End XCBuildConfiguration section */

/* Begin XCConfigurationList section */
		02BA7BAD13BD799B00043EF2 /* Build configuration list for PBXProject "Anthem" */ = {
			isa = XCConfigurationList;
			buildConfigurations = (
				02BA7BCF13BD799C00043EF2 /* Debug */,
				02BA7BD013BD799C00043EF2 /* Release */,
			);
			defaultConfigurationIsVisible = 0;
			defaultConfigurationName = Release;
		};
		02BA7BD113BD799C00043EF2 /* Build configuration list for PBXNativeTarget "Anthem" */ = {
			isa = XCConfigurationList;
			buildConfigurations = (
				02BA7BD213BD799C00043EF2 /* Debug */,
				02BA7BD313BD799C00043EF2 /* Release */,
			);
			defaultConfigurationIsVisible = 0;
		};
/* End XCConfigurationList section */
	};
	rootObject = 02BA7BAA13BD799B00043EF2 /* Project object */;
}
